
Microsoft Visual Studio Solution File, Format Version 12.00
# Visual Studio 15
VisualStudioVersion = 15.0.28307.757
MinimumVisualStudioVersion = 10.0.40219.1
Project("{FAE04EC0-301F-11D3-BF4B-00C04F79EFBC}") = "WebServer", "WebServer\WebServer.csproj", "{B4F06F8B-E3EE-4247-BE26-DF92596DE027}"
EndProject
Global
	GlobalSection(SolutionConfigurationPlatforms) = preSolution
		Debug|Any CPU = Debug|Any CPU
		Release|Any CPU = Release|Any CPU
	EndGlobalSection
	GlobalSection(ProjectConfigurationPlatforms) = postSolution
		{B4F06F8B-E3EE-4247-BE26-DF92596DE027}.Debug|Any CPU.ActiveCfg = Debug|Any CPU
		{B4F06F8B-E3EE-4247-BE26-DF92596DE027}.Debug|Any CPU.Build.0 = Debug|Any CPU
		{B4F06F8B-E3EE-4247-BE26-DF92596DE027}.Release|Any CPU.ActiveCfg = Release|Any CPU
		{B4F06F8B-E3EE-4247-BE26-DF92596DE027}.Release|Any CPU.Build.0 = Release|Any CPU
	EndGlobalSection
	GlobalSection(SolutionProperties) = preSolution
		HideSolutionNode = FALSE
	EndGlobalSection
	GlobalSection(ExtensibilityGlobals) = postSolution
		SolutionGuid = {A6900447-E6E5-4F6B-AA74-AE3D2944992B}
	EndGlobalSection
EndGlobal
